// !$*UTF8*$!
{
	archiveVersion = 1;
	classes = {
	};
	objectVersion = 50;
	objects = {

/* Begin PBXBuildFile section */
		9D20BC36221555B600554F89 /* AppDelegate.swift in Sources */ = {isa = PBXBuildFile; fileRef = 9D20BC35221555B600554F89 /* AppDelegate.swift */; };
		9D20BC3D221555B700554F89 /* Assets.xcassets in Resources */ = {isa = PBXBuildFile; fileRef = 9D20BC3C221555B700554F89 /* Assets.xcassets */; };
		9D20BC40221555B700554F89 /* LaunchScreen.storyboard in Resources */ = {isa = PBXBuildFile; fileRef = 9D20BC3E221555B700554F89 /* LaunchScreen.storyboard */; };
		9D20BC4A221557DD00554F89 /* SearchPostViewController.swift in Sources */ = {isa = PBXBuildFile; fileRef = 9D20BC48221557DD00554F89 /* SearchPostViewController.swift */; };
		9D20BC4B221557DD00554F89 /* SearchPostViewController.xib in Resources */ = {isa = PBXBuildFile; fileRef = 9D20BC49221557DD00554F89 /* SearchPostViewController.xib */; };
		9D20BC4E2215581F00554F89 /* QiitaPost.swift in Sources */ = {isa = PBXBuildFile; fileRef = 9D20BC4D2215581F00554F89 /* QiitaPost.swift */; };
		9D20BC502215583700554F89 /* QiitaUser.swift in Sources */ = {isa = PBXBuildFile; fileRef = 9D20BC4F2215583700554F89 /* QiitaUser.swift */; };
		9D20BC5522155E5200554F89 /* Result.framework in Frameworks */ = {isa = PBXBuildFile; fileRef = 9D20BC5222155E5200554F89 /* Result.framework */; };
		9D20BC5622155E5200554F89 /* APIKit.framework in Frameworks */ = {isa = PBXBuildFile; fileRef = 9D20BC5322155E5200554F89 /* APIKit.framework */; };
		9D20BC5722155E5200554F89 /* Kingfisher.framework in Frameworks */ = {isa = PBXBuildFile; fileRef = 9D20BC5422155E5200554F89 /* Kingfisher.framework */; };
		9D20BC5D22156E3D00554F89 /* QiitaRequest.swift in Sources */ = {isa = PBXBuildFile; fileRef = 9D20BC5C22156E3D00554F89 /* QiitaRequest.swift */; };
		9D20BC5F22156F1100554F89 /* SearchPostRequest.swift in Sources */ = {isa = PBXBuildFile; fileRef = 9D20BC5E22156F1100554F89 /* SearchPostRequest.swift */; };
		9D20BC612215705500554F89 /* SearchPostModel.swift in Sources */ = {isa = PBXBuildFile; fileRef = 9D20BC602215705500554F89 /* SearchPostModel.swift */; };
		9D20BC642215758C00554F89 /* PostCell.swift in Sources */ = {isa = PBXBuildFile; fileRef = 9D20BC622215758C00554F89 /* PostCell.swift */; };
		9D20BC652215758C00554F89 /* PostCell.xib in Resources */ = {isa = PBXBuildFile; fileRef = 9D20BC632215758C00554F89 /* PostCell.xib */; };
/* End PBXBuildFile section */

/* Begin PBXFileReference section */
		9D20BC32221555B600554F89 /* QiitaPostListSample.app */ = {isa = PBXFileReference; explicitFileType = wrapper.application; includeInIndex = 0; path = QiitaPostListSample.app; sourceTree = BUILT_PRODUCTS_DIR; };
		9D20BC35221555B600554F89 /* AppDelegate.swift */ = {isa = PBXFileReference; lastKnownFileType = sourcecode.swift; path = AppDelegate.swift; sourceTree = "<group>"; };
		9D20BC3C221555B700554F89 /* Assets.xcassets */ = {isa = PBXFileReference; lastKnownFileType = folder.assetcatalog; path = Assets.xcassets; sourceTree = "<group>"; };
		9D20BC3F221555B700554F89 /* Base */ = {isa = PBXFileReference; lastKnownFileType = file.storyboard; name = Base; path = Base.lproj/LaunchScreen.storyboard; sourceTree = "<group>"; };
		9D20BC41221555B700554F89 /* Info.plist */ = {isa = PBXFileReference; lastKnownFileType = text.plist.xml; path = Info.plist; sourceTree = "<group>"; };
		9D20BC48221557DD00554F89 /* SearchPostViewController.swift */ = {isa = PBXFileReference; lastKnownFileType = sourcecode.swift; path = SearchPostViewController.swift; sourceTree = "<group>"; };
		9D20BC49221557DD00554F89 /* SearchPostViewController.xib */ = {isa = PBXFileReference; lastKnownFileType = file.xib; path = SearchPostViewController.xib; sourceTree = "<group>"; };
		9D20BC4D2215581F00554F89 /* QiitaPost.swift */ = {isa = PBXFileReference; lastKnownFileType = sourcecode.swift; path = QiitaPost.swift; sourceTree = "<group>"; };
		9D20BC4F2215583700554F89 /* QiitaUser.swift */ = {isa = PBXFileReference; lastKnownFileType = sourcecode.swift; path = QiitaUser.swift; sourceTree = "<group>"; };
		9D20BC5222155E5200554F89 /* Result.framework */ = {isa = PBXFileReference; lastKnownFileType = wrapper.framework; name = Result.framework; path = Carthage/Build/iOS/Result.framework; sourceTree = "<group>"; };
		9D20BC5322155E5200554F89 /* APIKit.framework */ = {isa = PBXFileReference; lastKnownFileType = wrapper.framework; name = APIKit.framework; path = Carthage/Build/iOS/APIKit.framework; sourceTree = "<group>"; };
		9D20BC5422155E5200554F89 /* Kingfisher.framework */ = {isa = PBXFileReference; lastKnownFileType = wrapper.framework; name = Kingfisher.framework; path = Carthage/Build/iOS/Kingfisher.framework; sourceTree = "<group>"; };
		9D20BC5C22156E3D00554F89 /* QiitaRequest.swift */ = {isa = PBXFileReference; lastKnownFileType = sourcecode.swift; path = QiitaRequest.swift; sourceTree = "<group>"; };
		9D20BC5E22156F1100554F89 /* SearchPostRequest.swift */ = {isa = PBXFileReference; lastKnownFileType = sourcecode.swift; path = SearchPostRequest.swift; sourceTree = "<group>"; };
		9D20BC602215705500554F89 /* SearchPostModel.swift */ = {isa = PBXFileReference; lastKnownFileType = sourcecode.swift; path = SearchPostModel.swift; sourceTree = "<group>"; };
		9D20BC622215758C00554F89 /* PostCell.swift */ = {isa = PBXFileReference; fileEncoding = 4; lastKnownFileType = sourcecode.swift; path = PostCell.swift; sourceTree = "<group>"; };
		9D20BC632215758C00554F89 /* PostCell.xib */ = {isa = PBXFileReference; fileEncoding = 4; lastKnownFileType = file.xib; path = PostCell.xib; sourceTree = "<group>"; };
/* End PBXFileReference section */

/* Begin PBXFrameworksBuildPhase section */
		9D20BC2F221555B600554F89 /* Frameworks */ = {
			isa = PBXFrameworksBuildPhase;
			buildActionMask = 2147483647;
			files = (
				9D20BC5522155E5200554F89 /* Result.framework in Frameworks */,
				9D20BC5622155E5200554F89 /* APIKit.framework in Frameworks */,
				9D20BC5722155E5200554F89 /* Kingfisher.framework in Frameworks */,
			);
			runOnlyForDeploymentPostprocessing = 0;
		};
/* End PBXFrameworksBuildPhase section */

/* Begin PBXGroup section */
		9D20BC29221555B600554F89 = {
			isa = PBXGroup;
			children = (
				9D20BC34221555B600554F89 /* QiitaPostListSample */,
				9D20BC33221555B600554F89 /* Products */,
				9D20BC5122155E5200554F89 /* Frameworks */,
			);
			sourceTree = "<group>";
		};
		9D20BC33221555B600554F89 /* Products */ = {
			isa = PBXGroup;
			children = (
				9D20BC32221555B600554F89 /* QiitaPostListSample.app */,
			);
			name = Products;
			sourceTree = "<group>";
		};
		9D20BC34221555B600554F89 /* QiitaPostListSample */ = {
			isa = PBXGroup;
			children = (
				9D20BC35221555B600554F89 /* AppDelegate.swift */,
				9D20BC5922156DEA00554F89 /* API */,
				9D20BC4C221557E500554F89 /* View */,
				9D20BC47221556DB00554F89 /* Model */,
				9D20BC3C221555B700554F89 /* Assets.xcassets */,
				9D20BC3E221555B700554F89 /* LaunchScreen.storyboard */,
				9D20BC41221555B700554F89 /* Info.plist */,
			);
			path = QiitaPostListSample;
			sourceTree = "<group>";
		};
		9D20BC47221556DB00554F89 /* Model */ = {
			isa = PBXGroup;
			children = (
				9D20BC4D2215581F00554F89 /* QiitaPost.swift */,
				9D20BC4F2215583700554F89 /* QiitaUser.swift */,
				9D20BC602215705500554F89 /* SearchPostModel.swift */,
			);
			path = Model;
			sourceTree = "<group>";
		};
		9D20BC4C221557E500554F89 /* View */ = {
			isa = PBXGroup;
			children = (
				9D20BC622215758C00554F89 /* PostCell.swift */,
				9D20BC632215758C00554F89 /* PostCell.xib */,
				9D20BC48221557DD00554F89 /* SearchPostViewController.swift */,
				9D20BC49221557DD00554F89 /* SearchPostViewController.xib */,
			);
			path = View;
			sourceTree = "<group>";
		};
		9D20BC5122155E5200554F89 /* Frameworks */ = {
			isa = PBXGroup;
			children = (
				9D20BC5322155E5200554F89 /* APIKit.framework */,
				9D20BC5422155E5200554F89 /* Kingfisher.framework */,
				9D20BC5222155E5200554F89 /* Result.framework */,
			);
			name = Frameworks;
			sourceTree = "<group>";
		};
		9D20BC5922156DEA00554F89 /* API */ = {
			isa = PBXGroup;
			children = (
				9D20BC5C22156E3D00554F89 /* QiitaRequest.swift */,
				9D20BC5E22156F1100554F89 /* SearchPostRequest.swift */,
			);
			path = API;
			sourceTree = "<group>";
		};
/* End PBXGroup section */

/* Begin PBXNativeTarget section */
		9D20BC31221555B600554F89 /* QiitaPostListSample */ = {
			isa = PBXNativeTarget;
			buildConfigurationList = 9D20BC44221555B700554F89 /* Build configuration list for PBXNativeTarget "QiitaPostListSample" */;
			buildPhases = (
				9D20BC2E221555B600554F89 /* Sources */,
				9D20BC2F221555B600554F89 /* Frameworks */,
				9D20BC30221555B600554F89 /* Resources */,
				9D20BC5822155E6F00554F89 /* ShellScript */,
			);
			buildRules = (
			);
			dependencies = (
			);
			name = QiitaPostListSample;
			productName = QiitaPostListSample;
			productReference = 9D20BC32221555B600554F89 /* QiitaPostListSample.app */;
			productType = "com.apple.product-type.application";
		};
/* End PBXNativeTarget section */

/* Begin PBXProject section */
		9D20BC2A221555B600554F89 /* Project object */ = {
			isa = PBXProject;
			attributes = {
				LastSwiftUpdateCheck = 1010;
				LastUpgradeCheck = 1010;
				ORGANIZATIONNAME = "jp.marty-suzuki";
				TargetAttributes = {
					9D20BC31221555B600554F89 = {
						CreatedOnToolsVersion = 10.1;
					};
				};
			};
			buildConfigurationList = 9D20BC2D221555B600554F89 /* Build configuration list for PBXProject "QiitaPostListSample" */;
			compatibilityVersion = "Xcode 9.3";
			developmentRegion = en;
			hasScannedForEncodings = 0;
			knownRegions = (
				en,
				Base,
			);
			mainGroup = 9D20BC29221555B600554F89;
			productRefGroup = 9D20BC33221555B600554F89 /* Products */;
			projectDirPath = "";
			projectRoot = "";
			targets = (
				9D20BC31221555B600554F89 /* QiitaPostListSample */,
			);
		};
/* End PBXProject section */

/* Begin PBXResourcesBuildPhase section */
		9D20BC30221555B600554F89 /* Resources */ = {
			isa = PBXResourcesBuildPhase;
			buildActionMask = 2147483647;
			files = (
				9D20BC40221555B700554F89 /* LaunchScreen.storyboard in Resources */,
				9D20BC3D221555B700554F89 /* Assets.xcassets in Resources */,
				9D20BC652215758C00554F89 /* PostCell.xib in Resources */,
				9D20BC4B221557DD00554F89 /* SearchPostViewController.xib in Resources */,
			);
			runOnlyForDeploymentPostprocessing = 0;
		};
/* End PBXResourcesBuildPhase section */

/* Begin PBXShellScriptBuildPhase section */
		9D20BC5822155E6F00554F89 /* ShellScript */ = {
			isa = PBXShellScriptBuildPhase;
			buildActionMask = 2147483647;
			files = (
			);
			inputFileListPaths = (
			);
			inputPaths = (
				"$(SRCROOT)/Carthage/Build/iOS/APIKit.framework",
				"$(SRCROOT)/Carthage/Build/iOS/Result.framework",
				"$(SRCROOT)/Carthage/Build/iOS/Kingfisher.framework",
			);
			outputFileListPaths = (
			);
			outputPaths = (
			);
			runOnlyForDeploymentPostprocessing = 0;
			shellPath = /bin/sh;
			shellScript = "/usr/local/bin/carthage copy-frameworks\n";
		};
/* End PBXShellScriptBuildPhase section */

/* Begin PBXSourcesBuildPhase section */
		9D20BC2E221555B600554F89 /* Sources */ = {
			isa = PBXSourcesBuildPhase;
			buildActionMask = 2147483647;
			files = (
				9D20BC5D22156E3D00554F89 /* QiitaRequest.swift in Sources */,
				9D20BC4A221557DD00554F89 /* SearchPostViewController.swift in Sources */,
				9D20BC502215583700554F89 /* QiitaUser.swift in Sources */,
				9D20BC4E2215581F00554F89 /* QiitaPost.swift in Sources */,
				9D20BC5F22156F1100554F89 /* SearchPostRequest.swift in Sources */,
				9D20BC612215705500554F89 /* SearchPostModel.swift in Sources */,
				9D20BC642215758C00554F89 /* PostCell.swift in Sources */,
				9D20BC36221555B600554F89 /* AppDelegate.swift in Sources */,
			);
			runOnlyForDeploymentPostprocessing = 0;
		};
/* End PBXSourcesBuildPhase section */

/* Begin PBXVariantGroup section */
		9D20BC3E221555B700554F89 /* LaunchScreen.storyboard */ = {
			isa = PBXVariantGroup;
			children = (
				9D20BC3F221555B700554F89 /* Base */,
			);
			name = LaunchScreen.storyboard;
			sourceTree = "<group>";
		};
/* End PBXVariantGroup section */

/* Begin XCBuildConfiguration section */
		9D20BC42221555B700554F89 /* Debug */ = {
			isa = XCBuildConfiguration;
			buildSettings = {
				ALWAYS_SEARCH_USER_PATHS = NO;
				CLANG_ANALYZER_NONNULL = YES;
				CLANG_ANALYZER_NUMBER_OBJECT_CONVERSION = YES_AGGRESSIVE;
				CLANG_CXX_LANGUAGE_STANDARD = "gnu++14";
				CLANG_CXX_LIBRARY = "libc++";
				CLANG_ENABLE_MODULES = YES;
				CLANG_ENABLE_OBJC_ARC = YES;
				CLANG_ENABLE_OBJC_WEAK = YES;
				CLANG_WARN_BLOCK_CAPTURE_AUTORELEASING = YES;
				CLANG_WARN_BOOL_CONVERSION = YES;
				CLANG_WARN_COMMA = YES;
				CLANG_WARN_CONSTANT_CONVERSION = YES;
				CLANG_WARN_DEPRECATED_OBJC_IMPLEMENTATIONS = YES;
				CLANG_WARN_DIRECT_OBJC_ISA_USAGE = YES_ERROR;
				CLANG_WARN_DOCUMENTATION_COMMENTS = YES;
				CLANG_WARN_EMPTY_BODY = YES;
				CLANG_WARN_ENUM_CONVERSION = YES;
				CLANG_WARN_INFINITE_RECURSION = YES;
				CLANG_WARN_INT_CONVERSION = YES;
				CLANG_WARN_NON_LITERAL_NULL_CONVERSION = YES;
				CLANG_WARN_OBJC_IMPLICIT_RETAIN_SELF = YES;
				CLANG_WARN_OBJC_LITERAL_CONVERSION = YES;
				CLANG_WARN_OBJC_ROOT_CLASS = YES_ERROR;
				CLANG_WARN_RANGE_LOOP_ANALYSIS = YES;
				CLANG_WARN_STRICT_PROTOTYPES = YES;
				CLANG_WARN_SUSPICIOUS_MOVE = YES;
				CLANG_WARN_UNGUARDED_AVAILABILITY = YES_AGGRESSIVE;
				CLANG_WARN_UNREACHABLE_CODE = YES;
				CLANG_WARN__DUPLICATE_METHOD_MATCH = YES;
				CODE_SIGN_IDENTITY = "iPhone Developer";
				COPY_PHASE_STRIP = NO;
				DEBUG_INFORMATION_FORMAT = dwarf;
				ENABLE_STRICT_OBJC_MSGSEND = YES;
				ENABLE_TESTABILITY = YES;
				GCC_C_LANGUAGE_STANDARD = gnu11;
				GCC_DYNAMIC_NO_PIC = NO;
				GCC_NO_COMMON_BLOCKS = YES;
				GCC_OPTIMIZATION_LEVEL = 0;
				GCC_PREPROCESSOR_DEFINITIONS = (
					"DEBUG=1",
					"$(inherited)",
				);
				GCC_WARN_64_TO_32_BIT_CONVERSION = YES;
				GCC_WARN_ABOUT_RETURN_TYPE = YES_ERROR;
				GCC_WARN_UNDECLARED_SELECTOR = YES;
				GCC_WARN_UNINITIALIZED_AUTOS = YES_AGGRESSIVE;
				GCC_WARN_UNUSED_FUNCTION = YES;
				GCC_WARN_UNUSED_VARIABLE = YES;
				IPHONEOS_DEPLOYMENT_TARGET = 12.1;
				MTL_ENABLE_DEBUG_INFO = INCLUDE_SOURCE;
				MTL_FAST_MATH = YES;
				ONLY_ACTIVE_ARCH = YES;
				SDKROOT = iphoneos;
				SWIFT_ACTIVE_COMPILATION_CONDITIONS = DEBUG;
				SWIFT_OPTIMIZATION_LEVEL = "-Onone";
			};
			name = Debug;
		};
		9D20BC43221555B700554F89 /* Release */ = {
			isa = XCBuildConfiguration;
			buildSettings = {
				ALWAYS_SEARCH_USER_PATHS = NO;
				CLANG_ANALYZER_NONNULL = YES;
				CLANG_ANALYZER_NUMBER_OBJECT_CONVERSION = YES_AGGRESSIVE;
				CLANG_CXX_LANGUAGE_STANDARD = "gnu++14";
				CLANG_CXX_LIBRARY = "libc++";
				CLANG_ENABLE_MODULES = YES;
				CLANG_ENABLE_OBJC_ARC = YES;
				CLANG_ENABLE_OBJC_WEAK = YES;
				CLANG_WARN_BLOCK_CAPTURE_AUTORELEASING = YES;
				CLANG_WARN_BOOL_CONVERSION = YES;
				CLANG_WARN_COMMA = YES;
				CLANG_WARN_CONSTANT_CONVERSION = YES;
				CLANG_WARN_DEPRECATED_OBJC_IMPLEMENTATIONS = YES;
				CLANG_WARN_DIRECT_OBJC_ISA_USAGE = YES_ERROR;
				CLANG_WARN_DOCUMENTATION_COMMENTS = YES;
				CLANG_WARN_EMPTY_BODY = YES;
				CLANG_WARN_ENUM_CONVERSION = YES;
				CLANG_WARN_INFINITE_RECURSION = YES;
				CLANG_WARN_INT_CONVERSION = YES;
				CLANG_WARN_NON_LITERAL_NULL_CONVERSION = YES;
				CLANG_WARN_OBJC_IMPLICIT_RETAIN_SELF = YES;
				CLANG_WARN_OBJC_LITERAL_CONVERSION = YES;
				CLANG_WARN_OBJC_ROOT_CLASS = YES_ERROR;
				CLANG_WARN_RANGE_LOOP_ANALYSIS = YES;
				CLANG_WARN_STRICT_PROTOTYPES = YES;
				CLANG_WARN_SUSPICIOUS_MOVE = YES;
				CLANG_WARN_UNGUARDED_AVAILABILITY = YES_AGGRESSIVE;
				CLANG_WARN_UNREACHABLE_CODE = YES;
				CLANG_WARN__DUPLICATE_METHOD_MATCH = YES;
				CODE_SIGN_IDENTITY = "iPhone Developer";
				COPY_PHASE_STRIP = NO;
				DEBUG_INFORMATION_FORMAT = "dwarf-with-dsym";
				ENABLE_NS_ASSERTIONS = NO;
				ENABLE_STRICT_OBJC_MSGSEND = YES;
				GCC_C_LANGUAGE_STANDARD = gnu11;
				GCC_NO_COMMON_BLOCKS = YES;
				GCC_WARN_64_TO_32_BIT_CONVERSION = YES;
				GCC_WARN_ABOUT_RETURN_TYPE = YES_ERROR;
				GCC_WARN_UNDECLARED_SELECTOR = YES;
				GCC_WARN_UNINITIALIZED_AUTOS = YES_AGGRESSIVE;
				GCC_WARN_UNUSED_FUNCTION = YES;
				GCC_WARN_UNUSED_VARIABLE = YES;
				IPHONEOS_DEPLOYMENT_TARGET = 12.1;
				MTL_ENABLE_DEBUG_INFO = NO;
				MTL_FAST_MATH = YES;
				SDKROOT = iphoneos;
				SWIFT_COMPILATION_MODE = wholemodule;
				SWIFT_OPTIMIZATION_LEVEL = "-O";
				VALIDATE_PRODUCT = YES;
			};
			name = Release;
		};
		9D20BC45221555B700554F89 /* Debug */ = {
			isa = XCBuildConfiguration;
			buildSettings = {
				ASSETCATALOG_COMPILER_APPICON_NAME = AppIcon;
				CODE_SIGN_STYLE = Manual;
				DEVELOPMENT_TEAM = "";
				FRAMEWORK_SEARCH_PATHS = (
					"$(inherited)",
					"$(PROJECT_DIR)/Carthage/Build/iOS",
				);
				INFOPLIST_FILE = QiitaPostListSample/Info.plist;
				IPHONEOS_DEPLOYMENT_TARGET = 11.0;
				LD_RUNPATH_SEARCH_PATHS = (
					"$(inherited)",
					"@executable_path/Frameworks",
				);
				PRODUCT_BUNDLE_IDENTIFIER = "jp.marty-suzuki.QiitaPostListSample";
				PRODUCT_NAME = "$(TARGET_NAME)";
				PROVISIONING_PROFILE_SPECIFIER = "";
				SWIFT_VERSION = 4.2;
				TARGETED_DEVICE_FAMILY = "1,2";
			};
			name = Debug;
		};
		9D20BC46221555B700554F89 /* Release */ = {
			isa = XCBuildConfiguration;
			buildSettings = {
				ASSETCATALOG_COMPILER_APPICON_NAME = AppIcon;
				CODE_SIGN_STYLE = Manual;
				DEVELOPMENT_TEAM = "";
				FRAMEWORK_SEARCH_PATHS = (
					"$(inherited)",
					"$(PROJECT_DIR)/Carthage/Build/iOS",
				);
				INFOPLIST_FILE = QiitaPostListSample/Info.plist;
				IPHONEOS_DEPLOYMENT_TARGET = 11.0;
				LD_RUNPATH_SEARCH_PATHS = (
					"$(inherited)",
					"@executable_path/Frameworks",
				);
				PRODUCT_BUNDLE_IDENTIFIER = "jp.marty-suzuki.QiitaPostListSample";
				PRODUCT_NAME = "$(TARGET_NAME)";
				PROVISIONING_PROFILE_SPECIFIER = "";
				SWIFT_VERSION = 4.2;
				TARGETED_DEVICE_FAMILY = "1,2";
			};
			name = Release;
		};
/* End XCBuildConfiguration section */

/* Begin XCConfigurationList section */
		9D20BC2D221555B600554F89 /* Build configuration list for PBXProject "QiitaPostListSample" */ = {
			isa = XCConfigurationList;
			buildConfigurations = (
				9D20BC42221555B700554F89 /* Debug */,
				9D20BC43221555B700554F89 /* Release */,
			);
			defaultConfigurationIsVisible = 0;
			defaultConfigurationName = Release;
		};
		9D20BC44221555B700554F89 /* Build configuration list for PBXNativeTarget "QiitaPostListSample" */ = {
			isa = XCConfigurationList;
			buildConfigurations = (
				9D20BC45221555B700554F89 /* Debug */,
				9D20BC46221555B700554F89 /* Release */,
			);
			defaultConfigurationIsVisible = 0;
			defaultConfigurationName = Release;
		};
/* End XCConfigurationList section */
	};
	rootObject = 9D20BC2A221555B600554F89 /* Project object */;
}
